{
  "nodes": {
    "auto-cpufreq": {
      "inputs": {
        "nixpkgs": [
          "nixpkgs"
        ]
      },
      "locked": {
        "lastModified": 1763546214,
        "narHash": "sha256-vc9seqvw2ElF8jPetsCoCQ5lo9P3fmgiTle3HlOMezk=",
        "owner": "AdnanHodzic",
        "repo": "auto-cpufreq",
        "rev": "76ccb66f8e4875671fd746fb6b50931454ab8cd8",
        "type": "github"
      },
      "original": {
        "owner": "AdnanHodzic",
        "repo": "auto-cpufreq",
        "type": "github"
      }
    },
    "chaotic": {
      "inputs": {
        "flake-schemas": "flake-schemas",
        "home-manager": "home-manager",
        "jovian": "jovian",
        "nixpkgs": "nixpkgs",
        "rust-overlay": "rust-overlay"
      },
      "locked": {
        "lastModified": 1764596563,
        "narHash": "sha256-tH3AGDWlAN3ImVuBBCLmqaqD0EbkISiPCHGeMcd430k=",
        "owner": "chaotic-cx",
        "repo": "nyx",
        "rev": "0701ee838b0fb34a77b6dd4b35476b4bb09fbca9",
        "type": "github"
      },
      "original": {
        "owner": "chaotic-cx",
        "ref": "nyxpkgs-unstable",
        "repo": "nyx",
        "type": "github"
      }
    },
    "flake-compat": {
      "flake": false,
      "locked": {
        "lastModified": 1751685974,
        "narHash": "sha256-NKw96t+BgHIYzHUjkTK95FqYRVKB8DHpVhefWSz/kTw=",
        "ref": "refs/heads/main",
        "rev": "549f2762aebeff29a2e5ece7a7dc0f955281a1d1",
        "revCount": 92,
        "type": "git",
        "url": "https://git.lix.systems/lix-project/flake-compat.git"
      },
      "original": {
        "type": "git",
        "url": "https://git.lix.systems/lix-project/flake-compat.git"
      }
    },
    "flake-parts": {
      "inputs": {
        "nixpkgs-lib": [
          "nur",
          "nixpkgs"
        ]
      },
      "locked": {
        "lastModified": 1733312601,
        "narHash": "sha256-4pDvzqnegAfRkPwO3wmwBhVi/Sye1mzps0zHWYnP88c=",
        "owner": "hercules-ci",
        "repo": "flake-parts",
        "rev": "205b12d8b7cd4802fbcb8e8ef6a0f1408781a4f9",
        "type": "github"
      },
      "original": {
        "owner": "hercules-ci",
        "repo": "flake-parts",
        "type": "github"
      }
    },
    "flake-parts_2": {
      "inputs": {
        "nixpkgs-lib": [
          "nvf",
          "nixpkgs"
        ]
      },
      "locked": {
        "lastModified": 1760948891,
        "narHash": "sha256-TmWcdiUUaWk8J4lpjzu4gCGxWY6/Ok7mOK4fIFfBuU4=",
        "owner": "hercules-ci",
        "repo": "flake-parts",
        "rev": "864599284fc7c0ba6357ed89ed5e2cd5040f0c04",
        "type": "github"
      },
      "original": {
        "owner": "hercules-ci",
        "repo": "flake-parts",
        "type": "github"
      }
    },
    "flake-schemas": {
      "locked": {
        "lastModified": 1721999734,
        "narHash": "sha256-G5CxYeJVm4lcEtaO87LKzOsVnWeTcHGKbKxNamNWgOw=",
        "rev": "0a5c42297d870156d9c57d8f99e476b738dcd982",
        "revCount": 75,
        "type": "tarball",
        "url": "https://api.flakehub.com/f/pinned/DeterminateSystems/flake-schemas/0.1.5/0190ef2f-61e0-794b-ba14-e82f225e55e6/source.tar.gz"
      },
      "original": {
        "type": "tarball",
        "url": "https://flakehub.com/f/DeterminateSystems/flake-schemas/%3D0.1.5.tar.gz"
      }
    },
    "home-manager": {
      "inputs": {
        "nixpkgs": [
          "chaotic",
          "nixpkgs"
        ]
      },
      "locked": {
        "lastModified": 1764194569,
        "narHash": "sha256-iUM9ktarEzThkayyZrzQ7oycPshAY2XRQqVKz0xX/L0=",
        "owner": "nix-community",
        "repo": "home-manager",
        "rev": "9651819d75f6c7ffaf8a9227490ac704f29659f0",
        "type": "github"
      },
      "original": {
        "owner": "nix-community",
        "repo": "home-manager",
        "type": "github"
      }
    },
    "home-manager_2": {
      "inputs": {
        "nixpkgs": [
          "nixpkgs"
        ]
      },
      "locked": {
        "lastModified": 1764636297,
        "narHash": "sha256-S41K55kw+hWgDfgKmZ9/fMZ3F0BQDMvqFfE120fMHeE=",
        "owner": "nix-community",
        "repo": "home-manager",
        "rev": "ff067cfc619fdf6f82d50344e7d19ff2323f0827",
        "type": "github"
      },
      "original": {
        "owner": "nix-community",
        "repo": "home-manager",
        "type": "github"
      }
    },
    "home-manager_3": {
      "inputs": {
        "nixpkgs": [
          "zen-browser",
          "nixpkgs"
        ]
      },
      "locked": {
        "lastModified": 1762964643,
        "narHash": "sha256-RYHN8O/Aja59XDji6WSJZPkJpYVUfpSkyH+PEupBJqM=",
        "owner": "nix-community",
        "repo": "home-manager",
        "rev": "827f2a23373a774a8805f84ca5344654c31f354b",
        "type": "github"
      },
      "original": {
        "owner": "nix-community",
        "repo": "home-manager",
        "type": "github"
      }
    },
    "jovian": {
      "inputs": {
        "nix-github-actions": "nix-github-actions",
        "nixpkgs": [
          "chaotic",
          "nixpkgs"
        ]
      },
      "locked": {
        "lastModified": 1764275117,
        "narHash": "sha256-DRcv8Y0BnWm4ZhUQnaYk1dNzC6ZhA2W9Vv5Jl4n0RbE=",
        "owner": "Jovian-Experiments",
        "repo": "Jovian-NixOS",
        "rev": "96023dcc9a0febaaa3b91f447b9ae2fbe86f2923",
        "type": "github"
      },
      "original": {
        "owner": "Jovian-Experiments",
        "repo": "Jovian-NixOS",
        "type": "github"
      }
    },
    "mnw": {
      "locked": {
        "lastModified": 1758834834,
        "narHash": "sha256-Y7IvY4F8vajZyp3WGf+KaiIVwondEkMFkt92Cr9NZmg=",
        "owner": "Gerg-L",
        "repo": "mnw",
        "rev": "cfbc7d1cc832e318d0863a5fc91d940a96034001",
        "type": "github"
      },
      "original": {
        "owner": "Gerg-L",
        "repo": "mnw",
        "type": "github"
      }
    },
    "nix-flatpak": {
      "locked": {
        "lastModified": 1739444422,
        "narHash": "sha256-iAVVHi7X3kWORftY+LVbRiStRnQEob2TULWyjMS6dWg=",
        "owner": "gmodena",
        "repo": "nix-flatpak",
        "rev": "5e54c3ca05a7c7d968ae1ddeabe01d2a9bc1e177",
        "type": "github"
      },
      "original": {
        "owner": "gmodena",
        "ref": "latest",
        "repo": "nix-flatpak",
        "type": "github"
      }
    },
    "nix-github-actions": {
      "inputs": {
        "nixpkgs": [
          "chaotic",
          "jovian",
          "nixpkgs"
        ]
      },
      "locked": {
        "lastModified": 1729697500,
        "narHash": "sha256-VFTWrbzDlZyFHHb1AlKRiD/qqCJIripXKiCSFS8fAOY=",
        "owner": "zhaofengli",
        "repo": "nix-github-actions",
        "rev": "e418aeb728b6aa5ca8c5c71974e7159c2df1d8cf",
        "type": "github"
      },
      "original": {
        "owner": "zhaofengli",
        "ref": "matrix-name",
        "repo": "nix-github-actions",
        "type": "github"
      }
    },
    "nixos-hardware": {
      "locked": {
        "lastModified": 1764440730,
        "narHash": "sha256-ZlJTNLUKQRANlLDomuRWLBCH5792x+6XUJ4YdFRjtO4=",
        "owner": "NixOS",
        "repo": "nixos-hardware",
        "rev": "9154f4569b6cdfd3c595851a6ba51bfaa472d9f3",
        "type": "github"
      },
      "original": {
        "owner": "NixOS",
        "ref": "master",
        "repo": "nixos-hardware",
        "type": "github"
      }
    },
    "nixpkgs": {
      "locked": {
        "lastModified": 1764517877,
        "narHash": "sha256-pp3uT4hHijIC8JUK5MEqeAWmParJrgBVzHLNfJDZxg4=",
        "owner": "NixOS",
        "repo": "nixpkgs",
        "rev": "2d293cbfa5a793b4c50d17c05ef9e385b90edf6c",
        "type": "github"
      },
      "original": {
        "owner": "NixOS",
        "ref": "nixos-unstable",
        "repo": "nixpkgs",
        "type": "github"
      }
    },
    "nixpkgs_2": {
      "locked": {
        "lastModified": 1764517877,
        "narHash": "sha256-pp3uT4hHijIC8JUK5MEqeAWmParJrgBVzHLNfJDZxg4=",
        "owner": "nixos",
        "repo": "nixpkgs",
        "rev": "2d293cbfa5a793b4c50d17c05ef9e385b90edf6c",
        "type": "github"
      },
      "original": {
        "owner": "nixos",
        "ref": "nixos-unstable",
        "repo": "nixpkgs",
        "type": "github"
      }
    },
    "nixpkgs_3": {
      "locked": {
        "lastModified": 1764517877,
        "narHash": "sha256-pp3uT4hHijIC8JUK5MEqeAWmParJrgBVzHLNfJDZxg4=",
        "owner": "NixOS",
        "repo": "nixpkgs",
        "rev": "2d293cbfa5a793b4c50d17c05ef9e385b90edf6c",
        "type": "github"
      },
      "original": {
        "owner": "NixOS",
        "ref": "nixos-unstable",
        "repo": "nixpkgs",
        "type": "github"
      }
    },
    "nur": {
      "inputs": {
        "flake-parts": "flake-parts",
        "nixpkgs": [
          "nixpkgs"
        ]
      },
      "locked": {
        "lastModified": 1764661329,
        "narHash": "sha256-X0OBhP+ii/AWcGmCxhNLdOD61AA+x7oM5XvNYEAfv4k=",
        "owner": "nix-community",
        "repo": "NUR",
        "rev": "6acac2b8cee8b1b866c918688457c1f530be9361",
        "type": "github"
      },
      "original": {
        "owner": "nix-community",
        "repo": "NUR",
        "type": "github"
      }
    },
    "nvf": {
      "inputs": {
        "flake-compat": "flake-compat",
        "flake-parts": "flake-parts_2",
        "mnw": "mnw",
        "nixpkgs": [
          "nixpkgs"
        ],
        "systems": "systems"
      },
      "locked": {
        "lastModified": 1764300702,
        "narHash": "sha256-JytizsFCUjx2U5dQYPuX59x7jcIwigGjBhrA3rZICCg=",
        "owner": "NotAShelf",
        "repo": "nvf",
        "rev": "d5efd7cc1aaa3906537e92d35494e8b35aad778d",
        "type": "github"
      },
      "original": {
        "owner": "NotAShelf",
        "ref": "v0.8",
        "repo": "nvf",
        "type": "github"
      }
    },
    "root": {
      "inputs": {
        "auto-cpufreq": "auto-cpufreq",
        "chaotic": "chaotic",
        "home-manager": "home-manager_2",
        "nix-flatpak": "nix-flatpak",
        "nixos-hardware": "nixos-hardware",
        "nixpkgs": "nixpkgs_2",
        "nur": "nur",
        "nvf": "nvf",
        "spicetify": "spicetify",
        "zen-browser": "zen-browser"
      }
    },
    "rust-overlay": {
      "inputs": {
        "nixpkgs": [
          "chaotic",
          "nixpkgs"
        ]
      },
      "locked": {
        "lastModified": 1764211126,
        "narHash": "sha256-p5y13PnMZYd5WdHk+XCzyUaLGBUCwnz2n4KYKEZM0Pw=",
        "owner": "oxalica",
        "repo": "rust-overlay",
        "rev": "895935bff08cfcfb663fb9c8263c43596e7cd1ed",
        "type": "github"
      },
      "original": {
        "owner": "oxalica",
        "repo": "rust-overlay",
        "type": "github"
      }
    },
    "spicetify": {
      "inputs": {
        "nixpkgs": "nixpkgs_3",
        "systems": "systems_2"
      },
      "locked": {
        "lastModified": 1764646743,
        "narHash": "sha256-/5yRp+FegTtzImqQhZQActnGD0NtKPOPJ6dXTQxGIq8=",
        "owner": "Gerg-L",
        "repo": "spicetify-nix",
        "rev": "e33278c5f9a18180c88e0aee037f99d2d6ce069c",
        "type": "github"
      },
      "original": {
        "owner": "Gerg-L",
        "repo": "spicetify-nix",
        "type": "github"
      }
    },
    "systems": {
      "locked": {
        "lastModified": 1681028828,
        "narHash": "sha256-Vy1rq5AaRuLzOxct8nz4T6wlgyUR7zLU309k9mBC768=",
        "owner": "nix-systems",
        "repo": "default",
        "rev": "da67096a3b9bf56a91d16901293e51ba5b49a27e",
        "type": "github"
      },
      "original": {
        "owner": "nix-systems",
        "repo": "default",
        "type": "github"
      }
    },
    "systems_2": {
      "locked": {
        "lastModified": 1681028828,
        "narHash": "sha256-Vy1rq5AaRuLzOxct8nz4T6wlgyUR7zLU309k9mBC768=",
        "owner": "nix-systems",
        "repo": "default",
        "rev": "da67096a3b9bf56a91d16901293e51ba5b49a27e",
        "type": "github"
      },
      "original": {
        "owner": "nix-systems",
        "repo": "default",
        "type": "github"
      }
    },
    "zen-browser": {
      "inputs": {
        "home-manager": "home-manager_3",
        "nixpkgs": [
          "nixpkgs"
        ]
      },
      "locked": {
        "lastModified": 1764598958,
        "narHash": "sha256-sJQHRL8trBoG/ArR+mUlyp5cyKU0pgQY+qDQzZGnVgM=",
        "owner": "0xc000022070",
        "repo": "zen-browser-flake",
        "rev": "8cded25e10b13e2999241f1c73a7d4e5e5d6f69e",
        "type": "github"
      },
      "original": {
        "owner": "0xc000022070",
        "repo": "zen-browser-flake",
        "type": "github"
      }
    }
  },
  "root": "root",
  "version": 7
}
